
Microsoft Visual Studio Solution File, Format Version 12.00
# Visual Studio Version 17
VisualStudioVersion = 17.11.35312.102
MinimumVisualStudioVersion = 10.0.40219.1
Project("{FAE04EC0-301F-11D3-BF4B-00C04F79EFBC}") = "04_loops", "04_loops\04_loops.csproj", "{4F9213C2-621C-4DDD-9945-0F8077280CD2}"
EndProject
Global
	GlobalSection(SolutionConfigurationPlatforms) = preSolution
		Debug|Any CPU = Debug|Any CPU
		Release|Any CPU = Release|Any CPU
	EndGlobalSection
	GlobalSection(ProjectConfigurationPlatforms) = postSolution
		{4F9213C2-621C-4DDD-9945-0F8077280CD2}.Debug|Any CPU.ActiveCfg = Debug|Any CPU
		{4F9213C2-621C-4DDD-9945-0F8077280CD2}.Debug|Any CPU.Build.0 = Debug|Any CPU
		{4F9213C2-621C-4DDD-9945-0F8077280CD2}.Release|Any CPU.ActiveCfg = Release|Any CPU
		{4F9213C2-621C-4DDD-9945-0F8077280CD2}.Release|Any CPU.Build.0 = Release|Any CPU
	EndGlobalSection
	GlobalSection(SolutionProperties) = preSolution
		HideSolutionNode = FALSE
	EndGlobalSection
	GlobalSection(ExtensibilityGlobals) = postSolution
		SolutionGuid = {CA06371A-9751-423C-830F-A9DB8A44E628}
	EndGlobalSection
EndGlobal
